
Microsoft Visual Studio Solution File, Format Version 12.00
# Visual Studio Version 17
VisualStudioVersion = 17.11.35222.181
MinimumVisualStudioVersion = 10.0.40219.1
Project("{FAE04EC0-301F-11D3-BF4B-00C04F79EFBC}") = "KW2309MAUI", "KW2309MAUI\KW2309MAUI.csproj", "{7C47DC87-7E1B-46FA-89CD-3A15A9C7035B}"
EndProject
Global
	GlobalSection(SolutionConfigurationPlatforms) = preSolution
		Debug|Any CPU = Debug|Any CPU
		Release|Any CPU = Release|Any CPU
	EndGlobalSection
	GlobalSection(ProjectConfigurationPlatforms) = postSolution
		{7C47DC87-7E1B-46FA-89CD-3A15A9C7035B}.Debug|Any CPU.ActiveCfg = Debug|Any CPU
		{7C47DC87-7E1B-46FA-89CD-3A15A9C7035B}.Debug|Any CPU.Build.0 = Debug|Any CPU
		{7C47DC87-7E1B-46FA-89CD-3A15A9C7035B}.Debug|Any CPU.Deploy.0 = Debug|Any CPU
		{7C47DC87-7E1B-46FA-89CD-3A15A9C7035B}.Release|Any CPU.ActiveCfg = Release|Any CPU
		{7C47DC87-7E1B-46FA-89CD-3A15A9C7035B}.Release|Any CPU.Build.0 = Release|Any CPU
		{7C47DC87-7E1B-46FA-89CD-3A15A9C7035B}.Release|Any CPU.Deploy.0 = Release|Any CPU
	EndGlobalSection
	GlobalSection(SolutionProperties) = preSolution
		HideSolutionNode = FALSE
	EndGlobalSection
	GlobalSection(ExtensibilityGlobals) = postSolution
		SolutionGuid = {5C25494F-2AB4-40DA-85F6-4CEED633A155}
	EndGlobalSection
EndGlobal
